
Microsoft Visual Studio Solution File, Format Version 12.00
# Visual Studio Version 17
VisualStudioVersion = 17.1.32210.238
MinimumVisualStudioVersion = 10.0.40219.1
Project("{8BC9CEB8-8B4A-11D0-8D11-00A0C91BC942}") = "APPClient_IPExample", "APPClient_IPExample\APPClient_IPExample.vcxproj", "{2B0E660C-BE55-40C0-BAA2-729ABE4EDA4E}"
EndProject
Project("{8BC9CEB8-8B4A-11D0-8D11-00A0C91BC942}") = "APPClient_IDExample", "APPClient_IDExample\APPClient_IDExample.vcxproj", "{355B24D9-9049-4086-A35A-596EEDBA0A9C}"
EndProject
Project("{8BC9CEB8-8B4A-11D0-8D11-00A0C91BC942}") = "APPClient_PhoneExample", "APPClient_PhoneExample\APPClient_PhoneExample.vcxproj", "{2EA578AA-4F40-48E1-87BC-9A04295C9A34}"
EndProject
Project("{8BC9CEB8-8B4A-11D0-8D11-00A0C91BC942}") = "APPClient_BankExample", "APPClient_BankExample\APPClient_BankExample.vcxproj", "{B8D8B3C8-1E09-4762-9B4A-849373CE3FF4}"
EndProject
Project("{8BC9CEB8-8B4A-11D0-8D11-00A0C91BC942}") = "APPClient_LanguageExample", "APPClient_LanguageExample\APPClient_LanguageExample.vcxproj", "{1B028466-937D-4D6C-A7ED-A0BD5C312878}"
EndProject
Project("{8BC9CEB8-8B4A-11D0-8D11-00A0C91BC942}") = "APPClient_TranslationExample", "APPClient_TranslationExample\APPClient_TranslationExample.vcxproj", "{B98E33E1-7128-4E04-A328-70665C01CF34}"
EndProject
Project("{8BC9CEB8-8B4A-11D0-8D11-00A0C91BC942}") = "APPClient_P2PExample", "APPClient_P2PExample\APPClient_P2PExample.vcxproj", "{D3C54AFE-44F5-4D2F-B4C6-7B3F9FAED95B}"
EndProject
Project("{8BC9CEB8-8B4A-11D0-8D11-00A0C91BC942}") = "APPClient_CDKeyExample", "APPClient_CDKeyExample\APPClient_CDKeyExample.vcxproj", "{155B430D-7CDA-488C-B3AE-333D179D1943}"
EndProject
Project("{8BC9CEB8-8B4A-11D0-8D11-00A0C91BC942}") = "APPClient_LockExample", "APPClient_LockExample\APPClient_LockExample.vcxproj", "{6EC0E212-E8DF-4DD2-8DA5-2BCFD18405F9}"
EndProject
Project("{8BC9CEB8-8B4A-11D0-8D11-00A0C91BC942}") = "APPClient_ZIPCodeExample", "APPClient_ZIPCodeExample\APPClient_ZIPCodeExample.vcxproj", "{4D665697-A449-490F-8CE6-CED6752EE128}"
EndProject
Project("{8BC9CEB8-8B4A-11D0-8D11-00A0C91BC942}") = "APPClient_LuaPluginExample", "APPClient_LuaPluginExample\APPClient_LuaPluginExample.vcxproj", "{4309BF33-C0D7-40C5-AE52-637BFCD5ECA8}"
EndProject
Project("{8BC9CEB8-8B4A-11D0-8D11-00A0C91BC942}") = "APPClient_LibPluginExample", "APPClient_LibPluginExample\APPClient_LibPluginExample.vcxproj", "{0464EA5F-1E86-40BF-B692-394CF9F5CC67}"
EndProject
Global
	GlobalSection(SolutionConfigurationPlatforms) = preSolution
		Debug|x64 = Debug|x64
		Debug|x86 = Debug|x86
		Release|x64 = Release|x64
		Release|x86 = Release|x86
	EndGlobalSection
	GlobalSection(ProjectConfigurationPlatforms) = postSolution
		{2B0E660C-BE55-40C0-BAA2-729ABE4EDA4E}.Debug|x64.ActiveCfg = Debug|x64
		{2B0E660C-BE55-40C0-BAA2-729ABE4EDA4E}.Debug|x64.Build.0 = Debug|x64
		{2B0E660C-BE55-40C0-BAA2-729ABE4EDA4E}.Debug|x86.ActiveCfg = Debug|Win32
		{2B0E660C-BE55-40C0-BAA2-729ABE4EDA4E}.Debug|x86.Build.0 = Debug|Win32
		{2B0E660C-BE55-40C0-BAA2-729ABE4EDA4E}.Release|x64.ActiveCfg = Release|x64
		{2B0E660C-BE55-40C0-BAA2-729ABE4EDA4E}.Release|x64.Build.0 = Release|x64
		{2B0E660C-BE55-40C0-BAA2-729ABE4EDA4E}.Release|x86.ActiveCfg = Release|Win32
		{2B0E660C-BE55-40C0-BAA2-729ABE4EDA4E}.Release|x86.Build.0 = Release|Win32
		{355B24D9-9049-4086-A35A-596EEDBA0A9C}.Debug|x64.ActiveCfg = Debug|x64
		{355B24D9-9049-4086-A35A-596EEDBA0A9C}.Debug|x64.Build.0 = Debug|x64
		{355B24D9-9049-4086-A35A-596EEDBA0A9C}.Debug|x86.ActiveCfg = Debug|Win32
		{355B24D9-9049-4086-A35A-596EEDBA0A9C}.Debug|x86.Build.0 = Debug|Win32
		{355B24D9-9049-4086-A35A-596EEDBA0A9C}.Release|x64.ActiveCfg = Release|x64
		{355B24D9-9049-4086-A35A-596EEDBA0A9C}.Release|x64.Build.0 = Release|x64
		{355B24D9-9049-4086-A35A-596EEDBA0A9C}.Release|x86.ActiveCfg = Release|Win32
		{355B24D9-9049-4086-A35A-596EEDBA0A9C}.Release|x86.Build.0 = Release|Win32
		{2EA578AA-4F40-48E1-87BC-9A04295C9A34}.Debug|x64.ActiveCfg = Debug|x64
		{2EA578AA-4F40-48E1-87BC-9A04295C9A34}.Debug|x64.Build.0 = Debug|x64
		{2EA578AA-4F40-48E1-87BC-9A04295C9A34}.Debug|x86.ActiveCfg = Debug|Win32
		{2EA578AA-4F40-48E1-87BC-9A04295C9A34}.Debug|x86.Build.0 = Debug|Win32
		{2EA578AA-4F40-48E1-87BC-9A04295C9A34}.Release|x64.ActiveCfg = Release|x64
		{2EA578AA-4F40-48E1-87BC-9A04295C9A34}.Release|x64.Build.0 = Release|x64
		{2EA578AA-4F40-48E1-87BC-9A04295C9A34}.Release|x86.ActiveCfg = Release|Win32
		{2EA578AA-4F40-48E1-87BC-9A04295C9A34}.Release|x86.Build.0 = Release|Win32
		{B8D8B3C8-1E09-4762-9B4A-849373CE3FF4}.Debug|x64.ActiveCfg = Debug|x64
		{B8D8B3C8-1E09-4762-9B4A-849373CE3FF4}.Debug|x64.Build.0 = Debug|x64
		{B8D8B3C8-1E09-4762-9B4A-849373CE3FF4}.Debug|x86.ActiveCfg = Debug|Win32
		{B8D8B3C8-1E09-4762-9B4A-849373CE3FF4}.Debug|x86.Build.0 = Debug|Win32
		{B8D8B3C8-1E09-4762-9B4A-849373CE3FF4}.Release|x64.ActiveCfg = Release|x64
		{B8D8B3C8-1E09-4762-9B4A-849373CE3FF4}.Release|x64.Build.0 = Release|x64
		{B8D8B3C8-1E09-4762-9B4A-849373CE3FF4}.Release|x86.ActiveCfg = Release|Win32
		{B8D8B3C8-1E09-4762-9B4A-849373CE3FF4}.Release|x86.Build.0 = Release|Win32
		{1B028466-937D-4D6C-A7ED-A0BD5C312878}.Debug|x64.ActiveCfg = Debug|x64
		{1B028466-937D-4D6C-A7ED-A0BD5C312878}.Debug|x64.Build.0 = Debug|x64
		{1B028466-937D-4D6C-A7ED-A0BD5C312878}.Debug|x86.ActiveCfg = Debug|Win32
		{1B028466-937D-4D6C-A7ED-A0BD5C312878}.Debug|x86.Build.0 = Debug|Win32
		{1B028466-937D-4D6C-A7ED-A0BD5C312878}.Release|x64.ActiveCfg = Release|x64
		{1B028466-937D-4D6C-A7ED-A0BD5C312878}.Release|x64.Build.0 = Release|x64
		{1B028466-937D-4D6C-A7ED-A0BD5C312878}.Release|x86.ActiveCfg = Release|Win32
		{1B028466-937D-4D6C-A7ED-A0BD5C312878}.Release|x86.Build.0 = Release|Win32
		{B98E33E1-7128-4E04-A328-70665C01CF34}.Debug|x64.ActiveCfg = Debug|x64
		{B98E33E1-7128-4E04-A328-70665C01CF34}.Debug|x64.Build.0 = Debug|x64
		{B98E33E1-7128-4E04-A328-70665C01CF34}.Debug|x86.ActiveCfg = Debug|Win32
		{B98E33E1-7128-4E04-A328-70665C01CF34}.Debug|x86.Build.0 = Debug|Win32
		{B98E33E1-7128-4E04-A328-70665C01CF34}.Release|x64.ActiveCfg = Release|x64
		{B98E33E1-7128-4E04-A328-70665C01CF34}.Release|x64.Build.0 = Release|x64
		{B98E33E1-7128-4E04-A328-70665C01CF34}.Release|x86.ActiveCfg = Release|Win32
		{B98E33E1-7128-4E04-A328-70665C01CF34}.Release|x86.Build.0 = Release|Win32
		{D3C54AFE-44F5-4D2F-B4C6-7B3F9FAED95B}.Debug|x64.ActiveCfg = Debug|x64
		{D3C54AFE-44F5-4D2F-B4C6-7B3F9FAED95B}.Debug|x64.Build.0 = Debug|x64
		{D3C54AFE-44F5-4D2F-B4C6-7B3F9FAED95B}.Debug|x86.ActiveCfg = Debug|Win32
		{D3C54AFE-44F5-4D2F-B4C6-7B3F9FAED95B}.Debug|x86.Build.0 = Debug|Win32
		{D3C54AFE-44F5-4D2F-B4C6-7B3F9FAED95B}.Release|x64.ActiveCfg = Release|x64
		{D3C54AFE-44F5-4D2F-B4C6-7B3F9FAED95B}.Release|x64.Build.0 = Release|x64
		{D3C54AFE-44F5-4D2F-B4C6-7B3F9FAED95B}.Release|x86.ActiveCfg = Release|Win32
		{D3C54AFE-44F5-4D2F-B4C6-7B3F9FAED95B}.Release|x86.Build.0 = Release|Win32
		{155B430D-7CDA-488C-B3AE-333D179D1943}.Debug|x64.ActiveCfg = Debug|x64
		{155B430D-7CDA-488C-B3AE-333D179D1943}.Debug|x64.Build.0 = Debug|x64
		{155B430D-7CDA-488C-B3AE-333D179D1943}.Debug|x86.ActiveCfg = Debug|Win32
		{155B430D-7CDA-488C-B3AE-333D179D1943}.Debug|x86.Build.0 = Debug|Win32
		{155B430D-7CDA-488C-B3AE-333D179D1943}.Release|x64.ActiveCfg = Release|x64
		{155B430D-7CDA-488C-B3AE-333D179D1943}.Release|x64.Build.0 = Release|x64
		{155B430D-7CDA-488C-B3AE-333D179D1943}.Release|x86.ActiveCfg = Release|Win32
		{155B430D-7CDA-488C-B3AE-333D179D1943}.Release|x86.Build.0 = Release|Win32
		{6EC0E212-E8DF-4DD2-8DA5-2BCFD18405F9}.Debug|x64.ActiveCfg = Debug|x64
		{6EC0E212-E8DF-4DD2-8DA5-2BCFD18405F9}.Debug|x64.Build.0 = Debug|x64
		{6EC0E212-E8DF-4DD2-8DA5-2BCFD18405F9}.Debug|x86.ActiveCfg = Debug|Win32
		{6EC0E212-E8DF-4DD2-8DA5-2BCFD18405F9}.Debug|x86.Build.0 = Debug|Win32
		{6EC0E212-E8DF-4DD2-8DA5-2BCFD18405F9}.Release|x64.ActiveCfg = Release|x64
		{6EC0E212-E8DF-4DD2-8DA5-2BCFD18405F9}.Release|x64.Build.0 = Release|x64
		{6EC0E212-E8DF-4DD2-8DA5-2BCFD18405F9}.Release|x86.ActiveCfg = Release|Win32
		{6EC0E212-E8DF-4DD2-8DA5-2BCFD18405F9}.Release|x86.Build.0 = Release|Win32
		{4D665697-A449-490F-8CE6-CED6752EE128}.Debug|x64.ActiveCfg = Debug|x64
		{4D665697-A449-490F-8CE6-CED6752EE128}.Debug|x64.Build.0 = Debug|x64
		{4D665697-A449-490F-8CE6-CED6752EE128}.Debug|x86.ActiveCfg = Debug|Win32
		{4D665697-A449-490F-8CE6-CED6752EE128}.Debug|x86.Build.0 = Debug|Win32
		{4D665697-A449-490F-8CE6-CED6752EE128}.Release|x64.ActiveCfg = Release|x64
		{4D665697-A449-490F-8CE6-CED6752EE128}.Release|x64.Build.0 = Release|x64
		{4D665697-A449-490F-8CE6-CED6752EE128}.Release|x86.ActiveCfg = Release|Win32
		{4D665697-A449-490F-8CE6-CED6752EE128}.Release|x86.Build.0 = Release|Win32
		{4309BF33-C0D7-40C5-AE52-637BFCD5ECA8}.Debug|x64.ActiveCfg = Debug|x64
		{4309BF33-C0D7-40C5-AE52-637BFCD5ECA8}.Debug|x64.Build.0 = Debug|x64
		{4309BF33-C0D7-40C5-AE52-637BFCD5ECA8}.Debug|x86.ActiveCfg = Debug|Win32
		{4309BF33-C0D7-40C5-AE52-637BFCD5ECA8}.Debug|x86.Build.0 = Debug|Win32
		{4309BF33-C0D7-40C5-AE52-637BFCD5ECA8}.Release|x64.ActiveCfg = Release|x64
		{4309BF33-C0D7-40C5-AE52-637BFCD5ECA8}.Release|x64.Build.0 = Release|x64
		{4309BF33-C0D7-40C5-AE52-637BFCD5ECA8}.Release|x86.ActiveCfg = Release|Win32
		{4309BF33-C0D7-40C5-AE52-637BFCD5ECA8}.Release|x86.Build.0 = Release|Win32
		{0464EA5F-1E86-40BF-B692-394CF9F5CC67}.Debug|x64.ActiveCfg = Debug|x64
		{0464EA5F-1E86-40BF-B692-394CF9F5CC67}.Debug|x64.Build.0 = Debug|x64
		{0464EA5F-1E86-40BF-B692-394CF9F5CC67}.Debug|x86.ActiveCfg = Debug|Win32
		{0464EA5F-1E86-40BF-B692-394CF9F5CC67}.Debug|x86.Build.0 = Debug|Win32
		{0464EA5F-1E86-40BF-B692-394CF9F5CC67}.Release|x64.ActiveCfg = Release|x64
		{0464EA5F-1E86-40BF-B692-394CF9F5CC67}.Release|x64.Build.0 = Release|x64
		{0464EA5F-1E86-40BF-B692-394CF9F5CC67}.Release|x86.ActiveCfg = Release|Win32
		{0464EA5F-1E86-40BF-B692-394CF9F5CC67}.Release|x86.Build.0 = Release|Win32
	EndGlobalSection
	GlobalSection(SolutionProperties) = preSolution
		HideSolutionNode = FALSE
	EndGlobalSection
	GlobalSection(ExtensibilityGlobals) = postSolution
		SolutionGuid = {CC8142BD-8426-4A48-94DD-7560D3BA8C15}
	EndGlobalSection
EndGlobal
