<?xml version="1.0" encoding="utf-8"?>
<Project ToolsVersion="4.0" xmlns="http://schemas.microsoft.com/developer/msbuild/2003">
  <ItemGroup>
    <Filter Include="源文件">
      <UniqueIdentifier>{4FC737F1-C7A5-4376-A066-2A32D752A2FF}</UniqueIdentifier>
      <Extensions>cpp;c;cc;cxx;c++;cppm;ixx;def;odl;idl;hpj;bat;asm;asmx</Extensions>
    </Filter>
    <Filter Include="头文件">
      <UniqueIdentifier>{93995380-89BD-4b04-88EB-625FBE52EBFB}</UniqueIdentifier>
      <Extensions>h;hh;hpp;hxx;h++;hm;inl;inc;ipp;xsd</Extensions>
    </Filter>
    <Filter Include="资源文件">
      <UniqueIdentifier>{67DA6AB6-F800-4c08-8B7A-83BB121AAD01}</UniqueIdentifier>
      <Extensions>rc;ico;cur;bmp;dlg;rc2;rct;bin;rgs;gif;jpg;jpeg;jpe;resx;tiff;tif;png;wav;mfcribbon-ms</Extensions>
    </Filter>
    <Filter Include="头文件\XEngine_HTTPTask">
      <UniqueIdentifier>{9bf2e74a-551b-4d8d-ad34-ccd13e64e985}</UniqueIdentifier>
    </Filter>
    <Filter Include="源文件\XEngine_HTTPTask">
      <UniqueIdentifier>{a205153f-6995-49dc-ae5f-cd2bc0d31549}</UniqueIdentifier>
    </Filter>
  </ItemGroup>
  <ItemGroup>
    <ClCompile Include="XEngine_HttpApp.cpp">
      <Filter>源文件</Filter>
    </ClCompile>
    <ClCompile Include="XEngine_Configure.cpp">
      <Filter>源文件</Filter>
    </ClCompile>
    <ClCompile Include="XEngine_HTTPTask.cpp">
      <Filter>源文件</Filter>
    </ClCompile>
    <ClCompile Include="XEngine_Network.cpp">
      <Filter>源文件</Filter>
    </ClCompile>
    <ClCompile Include="XEngine_HTTPTask\HTTPTask_IPInfo.cpp">
      <Filter>源文件\XEngine_HTTPTask</Filter>
    </ClCompile>
    <ClCompile Include="XEngine_HTTPTask\HTTPTask_IDCard.cpp">
      <Filter>源文件\XEngine_HTTPTask</Filter>
    </ClCompile>
    <ClCompile Include="XEngine_HTTPTask\HTTPTask_Phone.cpp">
      <Filter>源文件\XEngine_HTTPTask</Filter>
    </ClCompile>
    <ClCompile Include="XEngine_HTTPTask\HTTPTask_Bank.cpp">
      <Filter>源文件\XEngine_HTTPTask</Filter>
    </ClCompile>
    <ClCompile Include="XEngine_HTTPTask\HTTPTask_Language.cpp">
      <Filter>源文件\XEngine_HTTPTask</Filter>
    </ClCompile>
    <ClCompile Include="XEngine_HTTPTask\HTTPTask_Translation.cpp">
      <Filter>源文件\XEngine_HTTPTask</Filter>
    </ClCompile>
    <ClCompile Include="XEngine_PluginTask.cpp">
      <Filter>源文件</Filter>
    </ClCompile>
    <ClCompile Include="XEngine_HTTPTask\HTTPTask_Forward.cpp">
      <Filter>源文件\XEngine_HTTPTask</Filter>
    </ClCompile>
  </ItemGroup>
  <ItemGroup>
    <ClInclude Include="XEngine_Configure.h">
      <Filter>头文件</Filter>
    </ClInclude>
    <ClInclude Include="XEngine_Hdr.h">
      <Filter>头文件</Filter>
    </ClInclude>
    <ClInclude Include="XEngine_HTTPTask.h">
      <Filter>头文件</Filter>
    </ClInclude>
    <ClInclude Include="XEngine_Network.h">
      <Filter>头文件</Filter>
    </ClInclude>
    <ClInclude Include="XEngine_HTTPTask\HTTPTask_IPInfo.h">
      <Filter>头文件\XEngine_HTTPTask</Filter>
    </ClInclude>
    <ClInclude Include="XEngine_HTTPTask\HTTPTask_IDCard.h">
      <Filter>头文件\XEngine_HTTPTask</Filter>
    </ClInclude>
    <ClInclude Include="XEngine_HTTPTask\HTTPTask_Phone.h">
      <Filter>头文件\XEngine_HTTPTask</Filter>
    </ClInclude>
    <ClInclude Include="XEngine_HTTPTask\HTTPTask_Bank.h">
      <Filter>头文件\XEngine_HTTPTask</Filter>
    </ClInclude>
    <ClInclude Include="XEngine_HTTPTask\HTTPTask_Language.h">
      <Filter>头文件\XEngine_HTTPTask</Filter>
    </ClInclude>
    <ClInclude Include="XEngine_HTTPTask\HTTPTask_Translation.h">
      <Filter>头文件\XEngine_HTTPTask</Filter>
    </ClInclude>
    <ClInclude Include="XEngine_PluginTask.h">
      <Filter>头文件</Filter>
    </ClInclude>
    <ClInclude Include="XEngine_HTTPTask\HTTPTask_Forward.h">
      <Filter>头文件\XEngine_HTTPTask</Filter>
    </ClInclude>
  </ItemGroup>
</Project>