<?xml version="1.0" encoding="utf-8"?>
<Project ToolsVersion="4.0" xmlns="http://schemas.microsoft.com/developer/msbuild/2003">
  <ItemGroup>
    <Filter Include="源文件">
      <UniqueIdentifier>{4FC737F1-C7A5-4376-A066-2A32D752A2FF}</UniqueIdentifier>
      <Extensions>cpp;c;cc;cxx;c++;cppm;ixx;def;odl;idl;hpj;bat;asm;asmx</Extensions>
    </Filter>
    <Filter Include="头文件">
      <UniqueIdentifier>{93995380-89BD-4b04-88EB-625FBE52EBFB}</UniqueIdentifier>
      <Extensions>h;hh;hpp;hxx;h++;hm;inl;inc;ipp;xsd</Extensions>
    </Filter>
    <Filter Include="资源文件">
      <UniqueIdentifier>{67DA6AB6-F800-4c08-8B7A-83BB121AAD01}</UniqueIdentifier>
      <Extensions>rc;ico;cur;bmp;dlg;rc2;rct;bin;rgs;gif;jpg;jpeg;jpe;resx;tiff;tif;png;wav;mfcribbon-ms</Extensions>
    </Filter>
    <Filter Include="头文件\ModuleHelp_IDCard">
      <UniqueIdentifier>{6513688b-b2b5-4446-9744-a0467baa83f9}</UniqueIdentifier>
    </Filter>
    <Filter Include="源文件\ModuleHelp_IDCard">
      <UniqueIdentifier>{e4739b45-7ee9-486e-9bb7-a2d299bf5d47}</UniqueIdentifier>
    </Filter>
    <Filter Include="头文件\ModuleHelp_Language">
      <UniqueIdentifier>{ff3ac8a0-0a11-46b8-9f96-a72e105beb34}</UniqueIdentifier>
    </Filter>
    <Filter Include="源文件\ModuleHelp_Language">
      <UniqueIdentifier>{47b05cf6-fe24-43df-8860-e291baa7ffbb}</UniqueIdentifier>
    </Filter>
    <Filter Include="头文件\ModuleHelp_P2PClient">
      <UniqueIdentifier>{65195020-af5e-4083-804d-288f2ce618ec}</UniqueIdentifier>
    </Filter>
    <Filter Include="源文件\ModuleHelp_P2PClient">
      <UniqueIdentifier>{2b552f75-e436-45a8-ba71-e398eeb4a68a}</UniqueIdentifier>
    </Filter>
    <Filter Include="源文件\ModuleHelp_Locker">
      <UniqueIdentifier>{7c721149-87d5-433c-82da-04316a6c638f}</UniqueIdentifier>
    </Filter>
    <Filter Include="头文件\ModuleHelp_Locker">
      <UniqueIdentifier>{7e3b001c-b07c-4457-ab32-54b6d25ccbae}</UniqueIdentifier>
    </Filter>
    <Filter Include="头文件\ModuleHelp_QRCode">
      <UniqueIdentifier>{133df44f-aebf-43ba-840b-a75388ba2143}</UniqueIdentifier>
    </Filter>
    <Filter Include="源文件\ModuleHelp_QRCode">
      <UniqueIdentifier>{54085aa4-6c15-4804-b7f0-5e9ca22048f1}</UniqueIdentifier>
    </Filter>
    <Filter Include="头文件\ModuleHelp_SocketTest">
      <UniqueIdentifier>{f2db5c16-904c-40ff-b9e4-5d92a8de34bc}</UniqueIdentifier>
    </Filter>
    <Filter Include="源文件\ModuleHelp_SocketTest">
      <UniqueIdentifier>{55b22eea-ccd0-48d4-96e7-232b15fdb0dc}</UniqueIdentifier>
    </Filter>
  </ItemGroup>
  <ItemGroup>
    <ClInclude Include="framework.h">
      <Filter>头文件</Filter>
    </ClInclude>
    <ClInclude Include="pch.h">
      <Filter>头文件</Filter>
    </ClInclude>
    <ClInclude Include="ModuleHelp_IDCard\ModuleHelp_IDCard.h">
      <Filter>头文件\ModuleHelp_IDCard</Filter>
    </ClInclude>
    <ClInclude Include="ModuleHelp_Define.h">
      <Filter>头文件</Filter>
    </ClInclude>
    <ClInclude Include="ModuleHelp_Error.h">
      <Filter>头文件</Filter>
    </ClInclude>
    <ClInclude Include="ModuleHelp_Language\ModuleHelp_Language.h">
      <Filter>头文件\ModuleHelp_Language</Filter>
    </ClInclude>
    <ClInclude Include="ModuleHelp_P2PClient\ModuleHelp_P2PClient.h">
      <Filter>头文件\ModuleHelp_P2PClient</Filter>
    </ClInclude>
    <ClInclude Include="ModuleHelp_Locker\ModuleHelp_Locker.h">
      <Filter>头文件\ModuleHelp_Locker</Filter>
    </ClInclude>
    <ClInclude Include="ModuleHelp_QRCode\ModuleHelp_QRCode.h">
      <Filter>头文件\ModuleHelp_QRCode</Filter>
    </ClInclude>
    <ClInclude Include="ModuleHelp_SocketTest\ModuleHelp_SocketTest.h">
      <Filter>头文件\ModuleHelp_SocketTest</Filter>
    </ClInclude>
  </ItemGroup>
  <ItemGroup>
    <ClCompile Include="dllmain.cpp">
      <Filter>源文件</Filter>
    </ClCompile>
    <ClCompile Include="pch.cpp">
      <Filter>源文件</Filter>
    </ClCompile>
    <ClCompile Include="ModuleHelp_IDCard\ModuleHelp_IDCard.cpp">
      <Filter>源文件\ModuleHelp_IDCard</Filter>
    </ClCompile>
    <ClCompile Include="ModuleHelp_Language\ModuleHelp_Language.cpp">
      <Filter>源文件\ModuleHelp_Language</Filter>
    </ClCompile>
    <ClCompile Include="ModuleHelp_P2PClient\ModuleHelp_P2PClient.cpp">
      <Filter>源文件\ModuleHelp_P2PClient</Filter>
    </ClCompile>
    <ClCompile Include="ModuleHelp_Locker\ModuleHelp_Locker.cpp">
      <Filter>源文件\ModuleHelp_Locker</Filter>
    </ClCompile>
    <ClCompile Include="ModuleHelp_QRCode\ModuleHelp_QRCode.cpp">
      <Filter>源文件\ModuleHelp_QRCode</Filter>
    </ClCompile>
    <ClCompile Include="ModuleHelp_SocketTest\ModuleHelp_SocketTest.cpp">
      <Filter>源文件\ModuleHelp_SocketTest</Filter>
    </ClCompile>
  </ItemGroup>
  <ItemGroup>
    <None Include="XEngine_ModuleHelp.def">
      <Filter>源文件</Filter>
    </None>
  </ItemGroup>
</Project>