<?xml version="1.0" encoding="utf-8"?>
<Project ToolsVersion="4.0" xmlns="http://schemas.microsoft.com/developer/msbuild/2003">
  <ItemGroup>
    <Filter Include="源文件">
      <UniqueIdentifier>{4FC737F1-C7A5-4376-A066-2A32D752A2FF}</UniqueIdentifier>
      <Extensions>cpp;c;cc;cxx;c++;cppm;ixx;def;odl;idl;hpj;bat;asm;asmx</Extensions>
    </Filter>
    <Filter Include="头文件">
      <UniqueIdentifier>{93995380-89BD-4b04-88EB-625FBE52EBFB}</UniqueIdentifier>
      <Extensions>h;hh;hpp;hxx;h++;hm;inl;inc;ipp;xsd</Extensions>
    </Filter>
    <Filter Include="资源文件">
      <UniqueIdentifier>{67DA6AB6-F800-4c08-8B7A-83BB121AAD01}</UniqueIdentifier>
      <Extensions>rc;ico;cur;bmp;dlg;rc2;rct;bin;rgs;gif;jpg;jpeg;jpe;resx;tiff;tif;png;wav;mfcribbon-ms</Extensions>
    </Filter>
    <Filter Include="头文件\ModulePlugin_Core">
      <UniqueIdentifier>{716c1e27-8905-4321-a369-67cf7462cb08}</UniqueIdentifier>
    </Filter>
    <Filter Include="源文件\ModulePlugin_Core">
      <UniqueIdentifier>{c455a41d-68d1-42be-a090-0df10d4de4ed}</UniqueIdentifier>
    </Filter>
    <Filter Include="头文件\ModulePlugin_Loader">
      <UniqueIdentifier>{5fd6b4af-2a78-499a-ab04-ab8643823743}</UniqueIdentifier>
    </Filter>
    <Filter Include="源文件\ModulePlugin_Loader">
      <UniqueIdentifier>{c2bcf30b-a119-4ab5-85e5-2c16ca255b9a}</UniqueIdentifier>
    </Filter>
  </ItemGroup>
  <ItemGroup>
    <ClInclude Include="framework.h">
      <Filter>头文件</Filter>
    </ClInclude>
    <ClInclude Include="pch.h">
      <Filter>头文件</Filter>
    </ClInclude>
    <ClInclude Include="ModulePlugin_Core\ModulePlugin_Core.h">
      <Filter>头文件\ModulePlugin_Core</Filter>
    </ClInclude>
    <ClInclude Include="ModulePlugin_Define.h">
      <Filter>头文件</Filter>
    </ClInclude>
    <ClInclude Include="ModulePlugin_Error.h">
      <Filter>头文件</Filter>
    </ClInclude>
    <ClInclude Include="ModulePlugin_Loader\ModulePlugin_Loader.h">
      <Filter>头文件\ModulePlugin_Loader</Filter>
    </ClInclude>
  </ItemGroup>
  <ItemGroup>
    <ClCompile Include="dllmain.cpp">
      <Filter>源文件</Filter>
    </ClCompile>
    <ClCompile Include="pch.cpp">
      <Filter>源文件</Filter>
    </ClCompile>
    <ClCompile Include="ModulePlugin_Core\ModulePlugin_Core.cpp">
      <Filter>源文件\ModulePlugin_Core</Filter>
    </ClCompile>
    <ClCompile Include="ModulePlugin_Loader\ModulePlugin_Loader.cpp">
      <Filter>源文件\ModulePlugin_Loader</Filter>
    </ClCompile>
  </ItemGroup>
  <ItemGroup>
    <None Include="XEngine_ModulePlugin.def">
      <Filter>源文件</Filter>
    </None>
  </ItemGroup>
</Project>