
Microsoft Visual Studio Solution File, Format Version 12.00
# Visual Studio Version 17
VisualStudioVersion = 17.1.32210.238
MinimumVisualStudioVersion = 10.0.40219.1
Project("{8BC9CEB8-8B4A-11D0-8D11-00A0C91BC942}") = "XEngine_ModuleConfigure", "XEngine_ModuleConfigure\XEngine_ModuleConfigure.vcxproj", "{F54F152C-594F-4465-A44E-2DB915B39760}"
EndProject
Project("{2150E333-8FDC-42A3-9474-1A3956D46DE8}") = "XEngine_UserHdr", "XEngine_UserHdr", "{9E4F2158-9AC1-4C19-A3F7-375A9DBCF856}"
	ProjectSection(SolutionItems) = preProject
		XEngine_BuildSwitch.h = XEngine_BuildSwitch.h
		XEngine_UserProtocol.h = XEngine_UserProtocol.h
	EndProjectSection
EndProject
Project("{2150E333-8FDC-42A3-9474-1A3956D46DE8}") = "XEngine_ServiceApp", "XEngine_ServiceApp", "{79A9A569-7DA8-4D9D-AD34-D11115199EA1}"
EndProject
Project("{8BC9CEB8-8B4A-11D0-8D11-00A0C91BC942}") = "XEngine_HttpApp", "XEngine_ServiceApp\XEngine_HttpApp\XEngine_HttpApp.vcxproj", "{E756B7D2-D40D-4106-9C14-1D90F20A712E}"
	ProjectSection(ProjectDependencies) = postProject
		{140AD4A9-4918-4345-B352-507C345AEBE0} = {140AD4A9-4918-4345-B352-507C345AEBE0}
		{201B6D13-82A7-49E9-9736-D6B3BFE05B30} = {201B6D13-82A7-49E9-9736-D6B3BFE05B30}
		{32BB166A-3D3D-45EF-8BED-2E0471274159} = {32BB166A-3D3D-45EF-8BED-2E0471274159}
		{37B8E91F-EC52-41F0-B21D-441D4270C05F} = {37B8E91F-EC52-41F0-B21D-441D4270C05F}
		{6C935BE1-77E3-4719-A7A6-C76ABAFEE010} = {6C935BE1-77E3-4719-A7A6-C76ABAFEE010}
		{6D0FCB40-D544-4AB2-A239-2FEBC4B98F6D} = {6D0FCB40-D544-4AB2-A239-2FEBC4B98F6D}
		{6F111577-DAF8-4294-B516-0077C22D7613} = {6F111577-DAF8-4294-B516-0077C22D7613}
		{92F971AB-CAC9-4D9B-A9CA-AFD9CA17E505} = {92F971AB-CAC9-4D9B-A9CA-AFD9CA17E505}
		{BBC4B2B4-1143-45DF-8890-47CE26A61D0E} = {BBC4B2B4-1143-45DF-8890-47CE26A61D0E}
		{CB443280-E283-44CD-B956-52C404A51DB6} = {CB443280-E283-44CD-B956-52C404A51DB6}
		{F54F152C-594F-4465-A44E-2DB915B39760} = {F54F152C-594F-4465-A44E-2DB915B39760}
	EndProjectSection
EndProject
Project("{8BC9CEB8-8B4A-11D0-8D11-00A0C91BC942}") = "XEngine_ModuleDatabase", "XEngine_ModuleDatabase\XEngine_ModuleDatabase.vcxproj", "{140AD4A9-4918-4345-B352-507C345AEBE0}"
EndProject
Project("{8BC9CEB8-8B4A-11D0-8D11-00A0C91BC942}") = "XEngine_ModuleProtocol", "XEngine_ModuleProtocol\XEngine_ModuleProtocol.vcxproj", "{6C935BE1-77E3-4719-A7A6-C76ABAFEE010}"
EndProject
Project("{8BC9CEB8-8B4A-11D0-8D11-00A0C91BC942}") = "XEngine_ModuleHelp", "XEngine_ModuleHelp\XEngine_ModuleHelp.vcxproj", "{6D0FCB40-D544-4AB2-A239-2FEBC4B98F6D}"
EndProject
Project("{8BC9CEB8-8B4A-11D0-8D11-00A0C91BC942}") = "XEngine_ModulePlugin", "XEngine_ModulePlugin\XEngine_ModulePlugin.vcxproj", "{CB443280-E283-44CD-B956-52C404A51DB6}"
EndProject
Project("{2150E333-8FDC-42A3-9474-1A3956D46DE8}") = "XEngine_PluginModule", "XEngine_PluginModule", "{D0473C03-9464-4C44-818A-AE212680CD05}"
EndProject
Project("{8BC9CEB8-8B4A-11D0-8D11-00A0C91BC942}") = "libModulePlugin_Zodiac", "XEngine_PluginModule\ModulePlugin_Zodiac\ModulePlugin_Zodiac.vcxproj", "{32BB166A-3D3D-45EF-8BED-2E0471274159}"
EndProject
Project("{8BC9CEB8-8B4A-11D0-8D11-00A0C91BC942}") = "libModulePlugin_Password", "XEngine_PluginModule\ModulePlugin_Password\ModulePlugin_Password.vcxproj", "{201B6D13-82A7-49E9-9736-D6B3BFE05B30}"
EndProject
Project("{8BC9CEB8-8B4A-11D0-8D11-00A0C91BC942}") = "libModulePlugin_Timezone", "XEngine_PluginModule\ModulePlugin_Timezone\ModulePlugin_Timezone.vcxproj", "{37B8E91F-EC52-41F0-B21D-441D4270C05F}"
EndProject
Project("{8BC9CEB8-8B4A-11D0-8D11-00A0C91BC942}") = "libModulePlugin_BMIndex", "XEngine_PluginModule\ModulePlugin_BMIndex\ModulePlugin_BMIndex.vcxproj", "{BBC4B2B4-1143-45DF-8890-47CE26A61D0E}"
EndProject
Project("{8BC9CEB8-8B4A-11D0-8D11-00A0C91BC942}") = "libModulePlugin_Meter", "XEngine_PluginModule\ModulePlugin_Meter\ModulePlugin_Meter.vcxproj", "{6F111577-DAF8-4294-B516-0077C22D7613}"
EndProject
Project("{8BC9CEB8-8B4A-11D0-8D11-00A0C91BC942}") = "XEngine_ModuleSystem", "XEngine_ModuleSystem\XEngine_ModuleSystem.vcxproj", "{92F971AB-CAC9-4D9B-A9CA-AFD9CA17E505}"
EndProject
Project("{8BC9CEB8-8B4A-11D0-8D11-00A0C91BC942}") = "XEngine_APIServiceApp", "XEngine_ServiceApp\XEngine_APIServiceApp\XEngine_APIServiceApp.vcxproj", "{096BEF37-4AF6-490D-868B-6306D3E251E7}"
	ProjectSection(ProjectDependencies) = postProject
		{F54F152C-594F-4465-A44E-2DB915B39760} = {F54F152C-594F-4465-A44E-2DB915B39760}
	EndProjectSection
EndProject
Project("{2150E333-8FDC-42A3-9474-1A3956D46DE8}") = "XEngine_DependLibrary", "XEngine_DependLibrary", "{02EA681E-C7D8-13C7-8484-4AC65E1B71E8}"
EndProject
Project("{8BC9CEB8-8B4A-11D0-8D11-00A0C91BC942}") = "jsoncpp", "XEngine_DependLibrary\XEngine_OPenSource\XEngine_Module\jsoncpp\jsoncpp.vcxproj", "{1D2715F0-BC92-4E54-91FC-60CA53969719}"
EndProject
Project("{8BC9CEB8-8B4A-11D0-8D11-00A0C91BC942}") = "XEngine_InfoReport", "XEngine_DependLibrary\XEngine_OPenSource\XEngine_Module\XEngine_InfoReport\XEngine_InfoReport.vcxproj", "{156C590B-0482-45C4-9744-F9E349EC2824}"
EndProject
Project("{8BC9CEB8-8B4A-11D0-8D11-00A0C91BC942}") = "XEngine_APIModuleIPMac", "XEngine_DependLibrary\XEngine_IPMacData\XEngine_Source\XEngine_APIModuleIPMac\XEngine_APIModuleIPMac.vcxproj", "{30E7EED1-0F09-4187-872E-35566E8F6692}"
EndProject
Project("{8BC9CEB8-8B4A-11D0-8D11-00A0C91BC942}") = "XEngine_APIModulePhone", "XEngine_DependLibrary\XEngine_PhoneData\Source\C\XEngine_APIModulePhone\XEngine_APIModulePhone.vcxproj", "{8610902F-2048-42BA-B33C-A7D80B193BF5}"
EndProject
Global
	GlobalSection(SolutionConfigurationPlatforms) = preSolution
		Debug|ARM64 = Debug|ARM64
		Debug|x64 = Debug|x64
		Debug|x86 = Debug|x86
		Release|ARM64 = Release|ARM64
		Release|x64 = Release|x64
		Release|x86 = Release|x86
	EndGlobalSection
	GlobalSection(ProjectConfigurationPlatforms) = postSolution
		{F54F152C-594F-4465-A44E-2DB915B39760}.Debug|ARM64.ActiveCfg = Debug|ARM64
		{F54F152C-594F-4465-A44E-2DB915B39760}.Debug|ARM64.Build.0 = Debug|ARM64
		{F54F152C-594F-4465-A44E-2DB915B39760}.Debug|x64.ActiveCfg = Debug|x64
		{F54F152C-594F-4465-A44E-2DB915B39760}.Debug|x64.Build.0 = Debug|x64
		{F54F152C-594F-4465-A44E-2DB915B39760}.Debug|x86.ActiveCfg = Debug|Win32
		{F54F152C-594F-4465-A44E-2DB915B39760}.Debug|x86.Build.0 = Debug|Win32
		{F54F152C-594F-4465-A44E-2DB915B39760}.Release|ARM64.ActiveCfg = Release|ARM64
		{F54F152C-594F-4465-A44E-2DB915B39760}.Release|ARM64.Build.0 = Release|ARM64
		{F54F152C-594F-4465-A44E-2DB915B39760}.Release|x64.ActiveCfg = Release|x64
		{F54F152C-594F-4465-A44E-2DB915B39760}.Release|x64.Build.0 = Release|x64
		{F54F152C-594F-4465-A44E-2DB915B39760}.Release|x86.ActiveCfg = Release|Win32
		{F54F152C-594F-4465-A44E-2DB915B39760}.Release|x86.Build.0 = Release|Win32
		{E756B7D2-D40D-4106-9C14-1D90F20A712E}.Debug|ARM64.ActiveCfg = Debug|ARM64
		{E756B7D2-D40D-4106-9C14-1D90F20A712E}.Debug|ARM64.Build.0 = Debug|ARM64
		{E756B7D2-D40D-4106-9C14-1D90F20A712E}.Debug|x64.ActiveCfg = Debug|x64
		{E756B7D2-D40D-4106-9C14-1D90F20A712E}.Debug|x64.Build.0 = Debug|x64
		{E756B7D2-D40D-4106-9C14-1D90F20A712E}.Debug|x86.ActiveCfg = Debug|Win32
		{E756B7D2-D40D-4106-9C14-1D90F20A712E}.Debug|x86.Build.0 = Debug|Win32
		{E756B7D2-D40D-4106-9C14-1D90F20A712E}.Release|ARM64.ActiveCfg = Release|ARM64
		{E756B7D2-D40D-4106-9C14-1D90F20A712E}.Release|ARM64.Build.0 = Release|ARM64
		{E756B7D2-D40D-4106-9C14-1D90F20A712E}.Release|x64.ActiveCfg = Release|x64
		{E756B7D2-D40D-4106-9C14-1D90F20A712E}.Release|x64.Build.0 = Release|x64
		{E756B7D2-D40D-4106-9C14-1D90F20A712E}.Release|x86.ActiveCfg = Release|Win32
		{E756B7D2-D40D-4106-9C14-1D90F20A712E}.Release|x86.Build.0 = Release|Win32
		{140AD4A9-4918-4345-B352-507C345AEBE0}.Debug|ARM64.ActiveCfg = Debug|ARM64
		{140AD4A9-4918-4345-B352-507C345AEBE0}.Debug|ARM64.Build.0 = Debug|ARM64
		{140AD4A9-4918-4345-B352-507C345AEBE0}.Debug|x64.ActiveCfg = Debug|x64
		{140AD4A9-4918-4345-B352-507C345AEBE0}.Debug|x64.Build.0 = Debug|x64
		{140AD4A9-4918-4345-B352-507C345AEBE0}.Debug|x86.ActiveCfg = Debug|Win32
		{140AD4A9-4918-4345-B352-507C345AEBE0}.Debug|x86.Build.0 = Debug|Win32
		{140AD4A9-4918-4345-B352-507C345AEBE0}.Release|ARM64.ActiveCfg = Release|ARM64
		{140AD4A9-4918-4345-B352-507C345AEBE0}.Release|ARM64.Build.0 = Release|ARM64
		{140AD4A9-4918-4345-B352-507C345AEBE0}.Release|x64.ActiveCfg = Release|x64
		{140AD4A9-4918-4345-B352-507C345AEBE0}.Release|x64.Build.0 = Release|x64
		{140AD4A9-4918-4345-B352-507C345AEBE0}.Release|x86.ActiveCfg = Release|Win32
		{140AD4A9-4918-4345-B352-507C345AEBE0}.Release|x86.Build.0 = Release|Win32
		{6C935BE1-77E3-4719-A7A6-C76ABAFEE010}.Debug|ARM64.ActiveCfg = Debug|ARM64
		{6C935BE1-77E3-4719-A7A6-C76ABAFEE010}.Debug|ARM64.Build.0 = Debug|ARM64
		{6C935BE1-77E3-4719-A7A6-C76ABAFEE010}.Debug|x64.ActiveCfg = Debug|x64
		{6C935BE1-77E3-4719-A7A6-C76ABAFEE010}.Debug|x64.Build.0 = Debug|x64
		{6C935BE1-77E3-4719-A7A6-C76ABAFEE010}.Debug|x86.ActiveCfg = Debug|Win32
		{6C935BE1-77E3-4719-A7A6-C76ABAFEE010}.Debug|x86.Build.0 = Debug|Win32
		{6C935BE1-77E3-4719-A7A6-C76ABAFEE010}.Release|ARM64.ActiveCfg = Release|ARM64
		{6C935BE1-77E3-4719-A7A6-C76ABAFEE010}.Release|ARM64.Build.0 = Release|ARM64
		{6C935BE1-77E3-4719-A7A6-C76ABAFEE010}.Release|x64.ActiveCfg = Release|x64
		{6C935BE1-77E3-4719-A7A6-C76ABAFEE010}.Release|x64.Build.0 = Release|x64
		{6C935BE1-77E3-4719-A7A6-C76ABAFEE010}.Release|x86.ActiveCfg = Release|Win32
		{6C935BE1-77E3-4719-A7A6-C76ABAFEE010}.Release|x86.Build.0 = Release|Win32
		{6D0FCB40-D544-4AB2-A239-2FEBC4B98F6D}.Debug|ARM64.ActiveCfg = Debug|ARM64
		{6D0FCB40-D544-4AB2-A239-2FEBC4B98F6D}.Debug|ARM64.Build.0 = Debug|ARM64
		{6D0FCB40-D544-4AB2-A239-2FEBC4B98F6D}.Debug|x64.ActiveCfg = Debug|x64
		{6D0FCB40-D544-4AB2-A239-2FEBC4B98F6D}.Debug|x64.Build.0 = Debug|x64
		{6D0FCB40-D544-4AB2-A239-2FEBC4B98F6D}.Debug|x86.ActiveCfg = Debug|Win32
		{6D0FCB40-D544-4AB2-A239-2FEBC4B98F6D}.Debug|x86.Build.0 = Debug|Win32
		{6D0FCB40-D544-4AB2-A239-2FEBC4B98F6D}.Release|ARM64.ActiveCfg = Release|ARM64
		{6D0FCB40-D544-4AB2-A239-2FEBC4B98F6D}.Release|ARM64.Build.0 = Release|ARM64
		{6D0FCB40-D544-4AB2-A239-2FEBC4B98F6D}.Release|x64.ActiveCfg = Release|x64
		{6D0FCB40-D544-4AB2-A239-2FEBC4B98F6D}.Release|x64.Build.0 = Release|x64
		{6D0FCB40-D544-4AB2-A239-2FEBC4B98F6D}.Release|x86.ActiveCfg = Release|Win32
		{6D0FCB40-D544-4AB2-A239-2FEBC4B98F6D}.Release|x86.Build.0 = Release|Win32
		{CB443280-E283-44CD-B956-52C404A51DB6}.Debug|ARM64.ActiveCfg = Debug|ARM64
		{CB443280-E283-44CD-B956-52C404A51DB6}.Debug|ARM64.Build.0 = Debug|ARM64
		{CB443280-E283-44CD-B956-52C404A51DB6}.Debug|x64.ActiveCfg = Debug|x64
		{CB443280-E283-44CD-B956-52C404A51DB6}.Debug|x64.Build.0 = Debug|x64
		{CB443280-E283-44CD-B956-52C404A51DB6}.Debug|x86.ActiveCfg = Debug|Win32
		{CB443280-E283-44CD-B956-52C404A51DB6}.Debug|x86.Build.0 = Debug|Win32
		{CB443280-E283-44CD-B956-52C404A51DB6}.Release|ARM64.ActiveCfg = Release|ARM64
		{CB443280-E283-44CD-B956-52C404A51DB6}.Release|ARM64.Build.0 = Release|ARM64
		{CB443280-E283-44CD-B956-52C404A51DB6}.Release|x64.ActiveCfg = Release|x64
		{CB443280-E283-44CD-B956-52C404A51DB6}.Release|x64.Build.0 = Release|x64
		{CB443280-E283-44CD-B956-52C404A51DB6}.Release|x86.ActiveCfg = Release|Win32
		{CB443280-E283-44CD-B956-52C404A51DB6}.Release|x86.Build.0 = Release|Win32
		{32BB166A-3D3D-45EF-8BED-2E0471274159}.Debug|ARM64.ActiveCfg = Debug|ARM64
		{32BB166A-3D3D-45EF-8BED-2E0471274159}.Debug|ARM64.Build.0 = Debug|ARM64
		{32BB166A-3D3D-45EF-8BED-2E0471274159}.Debug|x64.ActiveCfg = Debug|x64
		{32BB166A-3D3D-45EF-8BED-2E0471274159}.Debug|x64.Build.0 = Debug|x64
		{32BB166A-3D3D-45EF-8BED-2E0471274159}.Debug|x86.ActiveCfg = Debug|Win32
		{32BB166A-3D3D-45EF-8BED-2E0471274159}.Debug|x86.Build.0 = Debug|Win32
		{32BB166A-3D3D-45EF-8BED-2E0471274159}.Release|ARM64.ActiveCfg = Release|ARM64
		{32BB166A-3D3D-45EF-8BED-2E0471274159}.Release|ARM64.Build.0 = Release|ARM64
		{32BB166A-3D3D-45EF-8BED-2E0471274159}.Release|x64.ActiveCfg = Release|x64
		{32BB166A-3D3D-45EF-8BED-2E0471274159}.Release|x64.Build.0 = Release|x64
		{32BB166A-3D3D-45EF-8BED-2E0471274159}.Release|x86.ActiveCfg = Release|Win32
		{32BB166A-3D3D-45EF-8BED-2E0471274159}.Release|x86.Build.0 = Release|Win32
		{201B6D13-82A7-49E9-9736-D6B3BFE05B30}.Debug|ARM64.ActiveCfg = Debug|ARM64
		{201B6D13-82A7-49E9-9736-D6B3BFE05B30}.Debug|ARM64.Build.0 = Debug|ARM64
		{201B6D13-82A7-49E9-9736-D6B3BFE05B30}.Debug|x64.ActiveCfg = Debug|x64
		{201B6D13-82A7-49E9-9736-D6B3BFE05B30}.Debug|x64.Build.0 = Debug|x64
		{201B6D13-82A7-49E9-9736-D6B3BFE05B30}.Debug|x86.ActiveCfg = Debug|Win32
		{201B6D13-82A7-49E9-9736-D6B3BFE05B30}.Debug|x86.Build.0 = Debug|Win32
		{201B6D13-82A7-49E9-9736-D6B3BFE05B30}.Release|ARM64.ActiveCfg = Release|ARM64
		{201B6D13-82A7-49E9-9736-D6B3BFE05B30}.Release|ARM64.Build.0 = Release|ARM64
		{201B6D13-82A7-49E9-9736-D6B3BFE05B30}.Release|x64.ActiveCfg = Release|x64
		{201B6D13-82A7-49E9-9736-D6B3BFE05B30}.Release|x64.Build.0 = Release|x64
		{201B6D13-82A7-49E9-9736-D6B3BFE05B30}.Release|x86.ActiveCfg = Release|Win32
		{201B6D13-82A7-49E9-9736-D6B3BFE05B30}.Release|x86.Build.0 = Release|Win32
		{37B8E91F-EC52-41F0-B21D-441D4270C05F}.Debug|ARM64.ActiveCfg = Debug|ARM64
		{37B8E91F-EC52-41F0-B21D-441D4270C05F}.Debug|ARM64.Build.0 = Debug|ARM64
		{37B8E91F-EC52-41F0-B21D-441D4270C05F}.Debug|x64.ActiveCfg = Debug|x64
		{37B8E91F-EC52-41F0-B21D-441D4270C05F}.Debug|x64.Build.0 = Debug|x64
		{37B8E91F-EC52-41F0-B21D-441D4270C05F}.Debug|x86.ActiveCfg = Debug|Win32
		{37B8E91F-EC52-41F0-B21D-441D4270C05F}.Debug|x86.Build.0 = Debug|Win32
		{37B8E91F-EC52-41F0-B21D-441D4270C05F}.Release|ARM64.ActiveCfg = Release|ARM64
		{37B8E91F-EC52-41F0-B21D-441D4270C05F}.Release|ARM64.Build.0 = Release|ARM64
		{37B8E91F-EC52-41F0-B21D-441D4270C05F}.Release|x64.ActiveCfg = Release|x64
		{37B8E91F-EC52-41F0-B21D-441D4270C05F}.Release|x64.Build.0 = Release|x64
		{37B8E91F-EC52-41F0-B21D-441D4270C05F}.Release|x86.ActiveCfg = Release|Win32
		{37B8E91F-EC52-41F0-B21D-441D4270C05F}.Release|x86.Build.0 = Release|Win32
		{BBC4B2B4-1143-45DF-8890-47CE26A61D0E}.Debug|ARM64.ActiveCfg = Debug|ARM64
		{BBC4B2B4-1143-45DF-8890-47CE26A61D0E}.Debug|ARM64.Build.0 = Debug|ARM64
		{BBC4B2B4-1143-45DF-8890-47CE26A61D0E}.Debug|x64.ActiveCfg = Debug|x64
		{BBC4B2B4-1143-45DF-8890-47CE26A61D0E}.Debug|x64.Build.0 = Debug|x64
		{BBC4B2B4-1143-45DF-8890-47CE26A61D0E}.Debug|x86.ActiveCfg = Debug|Win32
		{BBC4B2B4-1143-45DF-8890-47CE26A61D0E}.Debug|x86.Build.0 = Debug|Win32
		{BBC4B2B4-1143-45DF-8890-47CE26A61D0E}.Release|ARM64.ActiveCfg = Release|ARM64
		{BBC4B2B4-1143-45DF-8890-47CE26A61D0E}.Release|ARM64.Build.0 = Release|ARM64
		{BBC4B2B4-1143-45DF-8890-47CE26A61D0E}.Release|x64.ActiveCfg = Release|x64
		{BBC4B2B4-1143-45DF-8890-47CE26A61D0E}.Release|x64.Build.0 = Release|x64
		{BBC4B2B4-1143-45DF-8890-47CE26A61D0E}.Release|x86.ActiveCfg = Release|Win32
		{BBC4B2B4-1143-45DF-8890-47CE26A61D0E}.Release|x86.Build.0 = Release|Win32
		{6F111577-DAF8-4294-B516-0077C22D7613}.Debug|ARM64.ActiveCfg = Debug|ARM64
		{6F111577-DAF8-4294-B516-0077C22D7613}.Debug|ARM64.Build.0 = Debug|ARM64
		{6F111577-DAF8-4294-B516-0077C22D7613}.Debug|x64.ActiveCfg = Debug|x64
		{6F111577-DAF8-4294-B516-0077C22D7613}.Debug|x64.Build.0 = Debug|x64
		{6F111577-DAF8-4294-B516-0077C22D7613}.Debug|x86.ActiveCfg = Debug|Win32
		{6F111577-DAF8-4294-B516-0077C22D7613}.Debug|x86.Build.0 = Debug|Win32
		{6F111577-DAF8-4294-B516-0077C22D7613}.Release|ARM64.ActiveCfg = Release|ARM64
		{6F111577-DAF8-4294-B516-0077C22D7613}.Release|ARM64.Build.0 = Release|ARM64
		{6F111577-DAF8-4294-B516-0077C22D7613}.Release|x64.ActiveCfg = Release|x64
		{6F111577-DAF8-4294-B516-0077C22D7613}.Release|x64.Build.0 = Release|x64
		{6F111577-DAF8-4294-B516-0077C22D7613}.Release|x86.ActiveCfg = Release|Win32
		{6F111577-DAF8-4294-B516-0077C22D7613}.Release|x86.Build.0 = Release|Win32
		{92F971AB-CAC9-4D9B-A9CA-AFD9CA17E505}.Debug|ARM64.ActiveCfg = Debug|ARM64
		{92F971AB-CAC9-4D9B-A9CA-AFD9CA17E505}.Debug|ARM64.Build.0 = Debug|ARM64
		{92F971AB-CAC9-4D9B-A9CA-AFD9CA17E505}.Debug|x64.ActiveCfg = Debug|x64
		{92F971AB-CAC9-4D9B-A9CA-AFD9CA17E505}.Debug|x64.Build.0 = Debug|x64
		{92F971AB-CAC9-4D9B-A9CA-AFD9CA17E505}.Debug|x86.ActiveCfg = Debug|Win32
		{92F971AB-CAC9-4D9B-A9CA-AFD9CA17E505}.Debug|x86.Build.0 = Debug|Win32
		{92F971AB-CAC9-4D9B-A9CA-AFD9CA17E505}.Release|ARM64.ActiveCfg = Release|ARM64
		{92F971AB-CAC9-4D9B-A9CA-AFD9CA17E505}.Release|ARM64.Build.0 = Release|ARM64
		{92F971AB-CAC9-4D9B-A9CA-AFD9CA17E505}.Release|x64.ActiveCfg = Release|x64
		{92F971AB-CAC9-4D9B-A9CA-AFD9CA17E505}.Release|x64.Build.0 = Release|x64
		{92F971AB-CAC9-4D9B-A9CA-AFD9CA17E505}.Release|x86.ActiveCfg = Release|Win32
		{92F971AB-CAC9-4D9B-A9CA-AFD9CA17E505}.Release|x86.Build.0 = Release|Win32
		{096BEF37-4AF6-490D-868B-6306D3E251E7}.Debug|ARM64.ActiveCfg = Debug|ARM64
		{096BEF37-4AF6-490D-868B-6306D3E251E7}.Debug|ARM64.Build.0 = Debug|ARM64
		{096BEF37-4AF6-490D-868B-6306D3E251E7}.Debug|x64.ActiveCfg = Debug|x64
		{096BEF37-4AF6-490D-868B-6306D3E251E7}.Debug|x64.Build.0 = Debug|x64
		{096BEF37-4AF6-490D-868B-6306D3E251E7}.Debug|x86.ActiveCfg = Debug|Win32
		{096BEF37-4AF6-490D-868B-6306D3E251E7}.Debug|x86.Build.0 = Debug|Win32
		{096BEF37-4AF6-490D-868B-6306D3E251E7}.Release|ARM64.ActiveCfg = Release|ARM64
		{096BEF37-4AF6-490D-868B-6306D3E251E7}.Release|ARM64.Build.0 = Release|ARM64
		{096BEF37-4AF6-490D-868B-6306D3E251E7}.Release|x64.ActiveCfg = Release|x64
		{096BEF37-4AF6-490D-868B-6306D3E251E7}.Release|x64.Build.0 = Release|x64
		{096BEF37-4AF6-490D-868B-6306D3E251E7}.Release|x86.ActiveCfg = Release|Win32
		{096BEF37-4AF6-490D-868B-6306D3E251E7}.Release|x86.Build.0 = Release|Win32
		{1D2715F0-BC92-4E54-91FC-60CA53969719}.Debug|ARM64.ActiveCfg = Debug|ARM64
		{1D2715F0-BC92-4E54-91FC-60CA53969719}.Debug|ARM64.Build.0 = Debug|ARM64
		{1D2715F0-BC92-4E54-91FC-60CA53969719}.Debug|x64.ActiveCfg = Debug|x64
		{1D2715F0-BC92-4E54-91FC-60CA53969719}.Debug|x64.Build.0 = Debug|x64
		{1D2715F0-BC92-4E54-91FC-60CA53969719}.Debug|x86.ActiveCfg = Debug|Win32
		{1D2715F0-BC92-4E54-91FC-60CA53969719}.Debug|x86.Build.0 = Debug|Win32
		{1D2715F0-BC92-4E54-91FC-60CA53969719}.Release|ARM64.ActiveCfg = Release|ARM64
		{1D2715F0-BC92-4E54-91FC-60CA53969719}.Release|ARM64.Build.0 = Release|ARM64
		{1D2715F0-BC92-4E54-91FC-60CA53969719}.Release|x64.ActiveCfg = Release|x64
		{1D2715F0-BC92-4E54-91FC-60CA53969719}.Release|x64.Build.0 = Release|x64
		{1D2715F0-BC92-4E54-91FC-60CA53969719}.Release|x86.ActiveCfg = Release|Win32
		{1D2715F0-BC92-4E54-91FC-60CA53969719}.Release|x86.Build.0 = Release|Win32
		{156C590B-0482-45C4-9744-F9E349EC2824}.Debug|ARM64.ActiveCfg = Debug|ARM64
		{156C590B-0482-45C4-9744-F9E349EC2824}.Debug|ARM64.Build.0 = Debug|ARM64
		{156C590B-0482-45C4-9744-F9E349EC2824}.Debug|x64.ActiveCfg = Debug|x64
		{156C590B-0482-45C4-9744-F9E349EC2824}.Debug|x64.Build.0 = Debug|x64
		{156C590B-0482-45C4-9744-F9E349EC2824}.Debug|x86.ActiveCfg = Debug|Win32
		{156C590B-0482-45C4-9744-F9E349EC2824}.Debug|x86.Build.0 = Debug|Win32
		{156C590B-0482-45C4-9744-F9E349EC2824}.Release|ARM64.ActiveCfg = Release|ARM64
		{156C590B-0482-45C4-9744-F9E349EC2824}.Release|ARM64.Build.0 = Release|ARM64
		{156C590B-0482-45C4-9744-F9E349EC2824}.Release|x64.ActiveCfg = Release|x64
		{156C590B-0482-45C4-9744-F9E349EC2824}.Release|x64.Build.0 = Release|x64
		{156C590B-0482-45C4-9744-F9E349EC2824}.Release|x86.ActiveCfg = Release|Win32
		{156C590B-0482-45C4-9744-F9E349EC2824}.Release|x86.Build.0 = Release|Win32
		{30E7EED1-0F09-4187-872E-35566E8F6692}.Debug|ARM64.ActiveCfg = Debug|ARM64
		{30E7EED1-0F09-4187-872E-35566E8F6692}.Debug|ARM64.Build.0 = Debug|ARM64
		{30E7EED1-0F09-4187-872E-35566E8F6692}.Debug|x64.ActiveCfg = Debug|x64
		{30E7EED1-0F09-4187-872E-35566E8F6692}.Debug|x64.Build.0 = Debug|x64
		{30E7EED1-0F09-4187-872E-35566E8F6692}.Debug|x86.ActiveCfg = Debug|Win32
		{30E7EED1-0F09-4187-872E-35566E8F6692}.Debug|x86.Build.0 = Debug|Win32
		{30E7EED1-0F09-4187-872E-35566E8F6692}.Release|ARM64.ActiveCfg = Release|ARM64
		{30E7EED1-0F09-4187-872E-35566E8F6692}.Release|ARM64.Build.0 = Release|ARM64
		{30E7EED1-0F09-4187-872E-35566E8F6692}.Release|x64.ActiveCfg = Release|x64
		{30E7EED1-0F09-4187-872E-35566E8F6692}.Release|x64.Build.0 = Release|x64
		{30E7EED1-0F09-4187-872E-35566E8F6692}.Release|x86.ActiveCfg = Release|Win32
		{30E7EED1-0F09-4187-872E-35566E8F6692}.Release|x86.Build.0 = Release|Win32
		{8610902F-2048-42BA-B33C-A7D80B193BF5}.Debug|ARM64.ActiveCfg = Debug|ARM64
		{8610902F-2048-42BA-B33C-A7D80B193BF5}.Debug|ARM64.Build.0 = Debug|ARM64
		{8610902F-2048-42BA-B33C-A7D80B193BF5}.Debug|x64.ActiveCfg = Debug|x64
		{8610902F-2048-42BA-B33C-A7D80B193BF5}.Debug|x64.Build.0 = Debug|x64
		{8610902F-2048-42BA-B33C-A7D80B193BF5}.Debug|x86.ActiveCfg = Debug|Win32
		{8610902F-2048-42BA-B33C-A7D80B193BF5}.Debug|x86.Build.0 = Debug|Win32
		{8610902F-2048-42BA-B33C-A7D80B193BF5}.Release|ARM64.ActiveCfg = Release|ARM64
		{8610902F-2048-42BA-B33C-A7D80B193BF5}.Release|ARM64.Build.0 = Release|ARM64
		{8610902F-2048-42BA-B33C-A7D80B193BF5}.Release|x64.ActiveCfg = Release|x64
		{8610902F-2048-42BA-B33C-A7D80B193BF5}.Release|x64.Build.0 = Release|x64
		{8610902F-2048-42BA-B33C-A7D80B193BF5}.Release|x86.ActiveCfg = Release|Win32
		{8610902F-2048-42BA-B33C-A7D80B193BF5}.Release|x86.Build.0 = Release|Win32
	EndGlobalSection
	GlobalSection(SolutionProperties) = preSolution
		HideSolutionNode = FALSE
	EndGlobalSection
	GlobalSection(NestedProjects) = preSolution
		{E756B7D2-D40D-4106-9C14-1D90F20A712E} = {79A9A569-7DA8-4D9D-AD34-D11115199EA1}
		{32BB166A-3D3D-45EF-8BED-2E0471274159} = {D0473C03-9464-4C44-818A-AE212680CD05}
		{201B6D13-82A7-49E9-9736-D6B3BFE05B30} = {D0473C03-9464-4C44-818A-AE212680CD05}
		{37B8E91F-EC52-41F0-B21D-441D4270C05F} = {D0473C03-9464-4C44-818A-AE212680CD05}
		{BBC4B2B4-1143-45DF-8890-47CE26A61D0E} = {D0473C03-9464-4C44-818A-AE212680CD05}
		{6F111577-DAF8-4294-B516-0077C22D7613} = {D0473C03-9464-4C44-818A-AE212680CD05}
		{096BEF37-4AF6-490D-868B-6306D3E251E7} = {79A9A569-7DA8-4D9D-AD34-D11115199EA1}
		{1D2715F0-BC92-4E54-91FC-60CA53969719} = {02EA681E-C7D8-13C7-8484-4AC65E1B71E8}
		{156C590B-0482-45C4-9744-F9E349EC2824} = {02EA681E-C7D8-13C7-8484-4AC65E1B71E8}
		{30E7EED1-0F09-4187-872E-35566E8F6692} = {02EA681E-C7D8-13C7-8484-4AC65E1B71E8}
		{8610902F-2048-42BA-B33C-A7D80B193BF5} = {02EA681E-C7D8-13C7-8484-4AC65E1B71E8}
	EndGlobalSection
	GlobalSection(ExtensibilityGlobals) = postSolution
		SolutionGuid = {9B202F91-A601-429E-BB0F-880DDEE096FE}
	EndGlobalSection
EndGlobal
