
Microsoft Visual Studio Solution File, Format Version 12.00
# Visual Studio Version 17
VisualStudioVersion = 17.1.32210.238
MinimumVisualStudioVersion = 10.0.40219.1
Project("{8BC9CEB8-8B4A-11D0-8D11-00A0C91BC942}") = "XEngine_ModuleConfigure", "XEngine_ModuleConfigure\XEngine_ModuleConfigure.vcxproj", "{F54F152C-594F-4465-A44E-2DB915B39760}"
	ProjectSection(ProjectDependencies) = postProject
		{81DD7437-D986-4C9E-848C-589856FACEBD} = {81DD7437-D986-4C9E-848C-589856FACEBD}
	EndProjectSection
EndProject
Project("{2150E333-8FDC-42A3-9474-1A3956D46DE8}") = "XEngine_UserHdr", "XEngine_UserHdr", "{9E4F2158-9AC1-4C19-A3F7-375A9DBCF856}"
	ProjectSection(SolutionItems) = preProject
		XEngine_BuildSwitch.h = XEngine_BuildSwitch.h
		XEngine_UserProtocol.h = XEngine_UserProtocol.h
	EndProjectSection
EndProject
Project("{2150E333-8FDC-42A3-9474-1A3956D46DE8}") = "XEngine_ServiceApp", "XEngine_ServiceApp", "{79A9A569-7DA8-4D9D-AD34-D11115199EA1}"
EndProject
Project("{8BC9CEB8-8B4A-11D0-8D11-00A0C91BC942}") = "XEngine_HttpApp", "XEngine_ServiceApp\XEngine_HttpApp\XEngine_HttpApp.vcxproj", "{E756B7D2-D40D-4106-9C14-1D90F20A712E}"
	ProjectSection(ProjectDependencies) = postProject
		{140AD4A9-4918-4345-B352-507C345AEBE0} = {140AD4A9-4918-4345-B352-507C345AEBE0}
		{201B6D13-82A7-49E9-9736-D6B3BFE05B30} = {201B6D13-82A7-49E9-9736-D6B3BFE05B30}
		{32BB166A-3D3D-45EF-8BED-2E0471274159} = {32BB166A-3D3D-45EF-8BED-2E0471274159}
		{37B8E91F-EC52-41F0-B21D-441D4270C05F} = {37B8E91F-EC52-41F0-B21D-441D4270C05F}
		{6C935BE1-77E3-4719-A7A6-C76ABAFEE010} = {6C935BE1-77E3-4719-A7A6-C76ABAFEE010}
		{6D0FCB40-D544-4AB2-A239-2FEBC4B98F6D} = {6D0FCB40-D544-4AB2-A239-2FEBC4B98F6D}
		{6F111577-DAF8-4294-B516-0077C22D7613} = {6F111577-DAF8-4294-B516-0077C22D7613}
		{81DD7437-D986-4C9E-848C-589856FACEBD} = {81DD7437-D986-4C9E-848C-589856FACEBD}
		{8FBC495D-C05E-49A4-B938-A81C9DFC1E5A} = {8FBC495D-C05E-49A4-B938-A81C9DFC1E5A}
		{92F971AB-CAC9-4D9B-A9CA-AFD9CA17E505} = {92F971AB-CAC9-4D9B-A9CA-AFD9CA17E505}
		{BBC4B2B4-1143-45DF-8890-47CE26A61D0E} = {BBC4B2B4-1143-45DF-8890-47CE26A61D0E}
		{CB443280-E283-44CD-B956-52C404A51DB6} = {CB443280-E283-44CD-B956-52C404A51DB6}
		{D549160C-CC16-47F8-8345-1F4CF7A25CA2} = {D549160C-CC16-47F8-8345-1F4CF7A25CA2}
		{F54F152C-594F-4465-A44E-2DB915B39760} = {F54F152C-594F-4465-A44E-2DB915B39760}
		{F6520D2C-BB8E-45BB-964B-F5D6A4318A89} = {F6520D2C-BB8E-45BB-964B-F5D6A4318A89}
	EndProjectSection
EndProject
Project("{8BC9CEB8-8B4A-11D0-8D11-00A0C91BC942}") = "XEngine_ModuleDatabase", "XEngine_ModuleDatabase\XEngine_ModuleDatabase.vcxproj", "{140AD4A9-4918-4345-B352-507C345AEBE0}"
EndProject
Project("{8BC9CEB8-8B4A-11D0-8D11-00A0C91BC942}") = "XEngine_ModuleProtocol", "XEngine_ModuleProtocol\XEngine_ModuleProtocol.vcxproj", "{6C935BE1-77E3-4719-A7A6-C76ABAFEE010}"
	ProjectSection(ProjectDependencies) = postProject
		{81DD7437-D986-4C9E-848C-589856FACEBD} = {81DD7437-D986-4C9E-848C-589856FACEBD}
	EndProjectSection
EndProject
Project("{8BC9CEB8-8B4A-11D0-8D11-00A0C91BC942}") = "XEngine_ModuleHelp", "XEngine_ModuleHelp\XEngine_ModuleHelp.vcxproj", "{6D0FCB40-D544-4AB2-A239-2FEBC4B98F6D}"
EndProject
Project("{8BC9CEB8-8B4A-11D0-8D11-00A0C91BC942}") = "XEngine_ModulePlugin", "XEngine_ModulePlugin\XEngine_ModulePlugin.vcxproj", "{CB443280-E283-44CD-B956-52C404A51DB6}"
EndProject
Project("{2150E333-8FDC-42A3-9474-1A3956D46DE8}") = "XEngine_PluginModule", "XEngine_PluginModule", "{D0473C03-9464-4C44-818A-AE212680CD05}"
EndProject
Project("{8BC9CEB8-8B4A-11D0-8D11-00A0C91BC942}") = "libModulePlugin_Zodiac", "XEngine_PluginModule\ModulePlugin_Zodiac\ModulePlugin_Zodiac.vcxproj", "{32BB166A-3D3D-45EF-8BED-2E0471274159}"
	ProjectSection(ProjectDependencies) = postProject
		{81DD7437-D986-4C9E-848C-589856FACEBD} = {81DD7437-D986-4C9E-848C-589856FACEBD}
	EndProjectSection
EndProject
Project("{8BC9CEB8-8B4A-11D0-8D11-00A0C91BC942}") = "libModulePlugin_Password", "XEngine_PluginModule\ModulePlugin_Password\ModulePlugin_Password.vcxproj", "{201B6D13-82A7-49E9-9736-D6B3BFE05B30}"
	ProjectSection(ProjectDependencies) = postProject
		{81DD7437-D986-4C9E-848C-589856FACEBD} = {81DD7437-D986-4C9E-848C-589856FACEBD}
	EndProjectSection
EndProject
Project("{8BC9CEB8-8B4A-11D0-8D11-00A0C91BC942}") = "libModulePlugin_Timezone", "XEngine_PluginModule\ModulePlugin_Timezone\ModulePlugin_Timezone.vcxproj", "{37B8E91F-EC52-41F0-B21D-441D4270C05F}"
	ProjectSection(ProjectDependencies) = postProject
		{81DD7437-D986-4C9E-848C-589856FACEBD} = {81DD7437-D986-4C9E-848C-589856FACEBD}
	EndProjectSection
EndProject
Project("{8BC9CEB8-8B4A-11D0-8D11-00A0C91BC942}") = "libModulePlugin_BMIndex", "XEngine_PluginModule\ModulePlugin_BMIndex\ModulePlugin_BMIndex.vcxproj", "{BBC4B2B4-1143-45DF-8890-47CE26A61D0E}"
	ProjectSection(ProjectDependencies) = postProject
		{81DD7437-D986-4C9E-848C-589856FACEBD} = {81DD7437-D986-4C9E-848C-589856FACEBD}
	EndProjectSection
EndProject
Project("{8BC9CEB8-8B4A-11D0-8D11-00A0C91BC942}") = "libModulePlugin_Meter", "XEngine_PluginModule\ModulePlugin_Meter\ModulePlugin_Meter.vcxproj", "{6F111577-DAF8-4294-B516-0077C22D7613}"
	ProjectSection(ProjectDependencies) = postProject
		{81DD7437-D986-4C9E-848C-589856FACEBD} = {81DD7437-D986-4C9E-848C-589856FACEBD}
	EndProjectSection
EndProject
Project("{8BC9CEB8-8B4A-11D0-8D11-00A0C91BC942}") = "libModulePlugin_Phone", "XEngine_PluginModule\ModulePlugin_Phone\ModulePlugin_Phone.vcxproj", "{8FBC495D-C05E-49A4-B938-A81C9DFC1E5A}"
	ProjectSection(ProjectDependencies) = postProject
		{81DD7437-D986-4C9E-848C-589856FACEBD} = {81DD7437-D986-4C9E-848C-589856FACEBD}
	EndProjectSection
EndProject
Project("{8BC9CEB8-8B4A-11D0-8D11-00A0C91BC942}") = "libModulePlugin_IPAddr", "XEngine_PluginModule\ModulePlugin_IPAddr\ModulePlugin_IPAddr.vcxproj", "{D549160C-CC16-47F8-8345-1F4CF7A25CA2}"
	ProjectSection(ProjectDependencies) = postProject
		{81DD7437-D986-4C9E-848C-589856FACEBD} = {81DD7437-D986-4C9E-848C-589856FACEBD}
	EndProjectSection
EndProject
Project("{8BC9CEB8-8B4A-11D0-8D11-00A0C91BC942}") = "XEngine_ModuleSystem", "XEngine_ModuleSystem\XEngine_ModuleSystem.vcxproj", "{92F971AB-CAC9-4D9B-A9CA-AFD9CA17E505}"
EndProject
Project("{2150E333-8FDC-42A3-9474-1A3956D46DE8}") = "XEngine_Depend", "XEngine_Depend", "{2B89A3C7-0CC8-4881-B195-61BAA9ACB78B}"
EndProject
Project("{8BC9CEB8-8B4A-11D0-8D11-00A0C91BC942}") = "jsoncpp", "XEngine_Depend\XEngine_Module\jsoncpp\jsoncpp.vcxproj", "{81DD7437-D986-4C9E-848C-589856FACEBD}"
EndProject
Project("{8BC9CEB8-8B4A-11D0-8D11-00A0C91BC942}") = "XEngine_InfoReport", "XEngine_Depend\XEngine_Module\XEngine_InfoReport\XEngine_InfoReport.vcxproj", "{F6520D2C-BB8E-45BB-964B-F5D6A4318A89}"
	ProjectSection(ProjectDependencies) = postProject
		{81DD7437-D986-4C9E-848C-589856FACEBD} = {81DD7437-D986-4C9E-848C-589856FACEBD}
	EndProjectSection
EndProject
Global
	GlobalSection(SolutionConfigurationPlatforms) = preSolution
		Debug|x64 = Debug|x64
		Debug|x86 = Debug|x86
		Release|x64 = Release|x64
		Release|x86 = Release|x86
	EndGlobalSection
	GlobalSection(ProjectConfigurationPlatforms) = postSolution
		{F54F152C-594F-4465-A44E-2DB915B39760}.Debug|x64.ActiveCfg = Debug|x64
		{F54F152C-594F-4465-A44E-2DB915B39760}.Debug|x64.Build.0 = Debug|x64
		{F54F152C-594F-4465-A44E-2DB915B39760}.Debug|x86.ActiveCfg = Debug|Win32
		{F54F152C-594F-4465-A44E-2DB915B39760}.Debug|x86.Build.0 = Debug|Win32
		{F54F152C-594F-4465-A44E-2DB915B39760}.Release|x64.ActiveCfg = Release|x64
		{F54F152C-594F-4465-A44E-2DB915B39760}.Release|x64.Build.0 = Release|x64
		{F54F152C-594F-4465-A44E-2DB915B39760}.Release|x86.ActiveCfg = Release|Win32
		{F54F152C-594F-4465-A44E-2DB915B39760}.Release|x86.Build.0 = Release|Win32
		{E756B7D2-D40D-4106-9C14-1D90F20A712E}.Debug|x64.ActiveCfg = Debug|x64
		{E756B7D2-D40D-4106-9C14-1D90F20A712E}.Debug|x64.Build.0 = Debug|x64
		{E756B7D2-D40D-4106-9C14-1D90F20A712E}.Debug|x86.ActiveCfg = Debug|Win32
		{E756B7D2-D40D-4106-9C14-1D90F20A712E}.Debug|x86.Build.0 = Debug|Win32
		{E756B7D2-D40D-4106-9C14-1D90F20A712E}.Release|x64.ActiveCfg = Release|x64
		{E756B7D2-D40D-4106-9C14-1D90F20A712E}.Release|x64.Build.0 = Release|x64
		{E756B7D2-D40D-4106-9C14-1D90F20A712E}.Release|x86.ActiveCfg = Release|Win32
		{E756B7D2-D40D-4106-9C14-1D90F20A712E}.Release|x86.Build.0 = Release|Win32
		{140AD4A9-4918-4345-B352-507C345AEBE0}.Debug|x64.ActiveCfg = Debug|x64
		{140AD4A9-4918-4345-B352-507C345AEBE0}.Debug|x64.Build.0 = Debug|x64
		{140AD4A9-4918-4345-B352-507C345AEBE0}.Debug|x86.ActiveCfg = Debug|Win32
		{140AD4A9-4918-4345-B352-507C345AEBE0}.Debug|x86.Build.0 = Debug|Win32
		{140AD4A9-4918-4345-B352-507C345AEBE0}.Release|x64.ActiveCfg = Release|x64
		{140AD4A9-4918-4345-B352-507C345AEBE0}.Release|x64.Build.0 = Release|x64
		{140AD4A9-4918-4345-B352-507C345AEBE0}.Release|x86.ActiveCfg = Release|Win32
		{140AD4A9-4918-4345-B352-507C345AEBE0}.Release|x86.Build.0 = Release|Win32
		{6C935BE1-77E3-4719-A7A6-C76ABAFEE010}.Debug|x64.ActiveCfg = Debug|x64
		{6C935BE1-77E3-4719-A7A6-C76ABAFEE010}.Debug|x64.Build.0 = Debug|x64
		{6C935BE1-77E3-4719-A7A6-C76ABAFEE010}.Debug|x86.ActiveCfg = Debug|Win32
		{6C935BE1-77E3-4719-A7A6-C76ABAFEE010}.Debug|x86.Build.0 = Debug|Win32
		{6C935BE1-77E3-4719-A7A6-C76ABAFEE010}.Release|x64.ActiveCfg = Release|x64
		{6C935BE1-77E3-4719-A7A6-C76ABAFEE010}.Release|x64.Build.0 = Release|x64
		{6C935BE1-77E3-4719-A7A6-C76ABAFEE010}.Release|x86.ActiveCfg = Release|Win32
		{6C935BE1-77E3-4719-A7A6-C76ABAFEE010}.Release|x86.Build.0 = Release|Win32
		{6D0FCB40-D544-4AB2-A239-2FEBC4B98F6D}.Debug|x64.ActiveCfg = Debug|x64
		{6D0FCB40-D544-4AB2-A239-2FEBC4B98F6D}.Debug|x64.Build.0 = Debug|x64
		{6D0FCB40-D544-4AB2-A239-2FEBC4B98F6D}.Debug|x86.ActiveCfg = Debug|Win32
		{6D0FCB40-D544-4AB2-A239-2FEBC4B98F6D}.Debug|x86.Build.0 = Debug|Win32
		{6D0FCB40-D544-4AB2-A239-2FEBC4B98F6D}.Release|x64.ActiveCfg = Release|x64
		{6D0FCB40-D544-4AB2-A239-2FEBC4B98F6D}.Release|x64.Build.0 = Release|x64
		{6D0FCB40-D544-4AB2-A239-2FEBC4B98F6D}.Release|x86.ActiveCfg = Release|Win32
		{6D0FCB40-D544-4AB2-A239-2FEBC4B98F6D}.Release|x86.Build.0 = Release|Win32
		{CB443280-E283-44CD-B956-52C404A51DB6}.Debug|x64.ActiveCfg = Debug|x64
		{CB443280-E283-44CD-B956-52C404A51DB6}.Debug|x64.Build.0 = Debug|x64
		{CB443280-E283-44CD-B956-52C404A51DB6}.Debug|x86.ActiveCfg = Debug|Win32
		{CB443280-E283-44CD-B956-52C404A51DB6}.Debug|x86.Build.0 = Debug|Win32
		{CB443280-E283-44CD-B956-52C404A51DB6}.Release|x64.ActiveCfg = Release|x64
		{CB443280-E283-44CD-B956-52C404A51DB6}.Release|x64.Build.0 = Release|x64
		{CB443280-E283-44CD-B956-52C404A51DB6}.Release|x86.ActiveCfg = Release|Win32
		{CB443280-E283-44CD-B956-52C404A51DB6}.Release|x86.Build.0 = Release|Win32
		{32BB166A-3D3D-45EF-8BED-2E0471274159}.Debug|x64.ActiveCfg = Debug|x64
		{32BB166A-3D3D-45EF-8BED-2E0471274159}.Debug|x64.Build.0 = Debug|x64
		{32BB166A-3D3D-45EF-8BED-2E0471274159}.Debug|x86.ActiveCfg = Debug|Win32
		{32BB166A-3D3D-45EF-8BED-2E0471274159}.Debug|x86.Build.0 = Debug|Win32
		{32BB166A-3D3D-45EF-8BED-2E0471274159}.Release|x64.ActiveCfg = Release|x64
		{32BB166A-3D3D-45EF-8BED-2E0471274159}.Release|x64.Build.0 = Release|x64
		{32BB166A-3D3D-45EF-8BED-2E0471274159}.Release|x86.ActiveCfg = Release|Win32
		{32BB166A-3D3D-45EF-8BED-2E0471274159}.Release|x86.Build.0 = Release|Win32
		{201B6D13-82A7-49E9-9736-D6B3BFE05B30}.Debug|x64.ActiveCfg = Debug|x64
		{201B6D13-82A7-49E9-9736-D6B3BFE05B30}.Debug|x64.Build.0 = Debug|x64
		{201B6D13-82A7-49E9-9736-D6B3BFE05B30}.Debug|x86.ActiveCfg = Debug|Win32
		{201B6D13-82A7-49E9-9736-D6B3BFE05B30}.Debug|x86.Build.0 = Debug|Win32
		{201B6D13-82A7-49E9-9736-D6B3BFE05B30}.Release|x64.ActiveCfg = Release|x64
		{201B6D13-82A7-49E9-9736-D6B3BFE05B30}.Release|x64.Build.0 = Release|x64
		{201B6D13-82A7-49E9-9736-D6B3BFE05B30}.Release|x86.ActiveCfg = Release|Win32
		{201B6D13-82A7-49E9-9736-D6B3BFE05B30}.Release|x86.Build.0 = Release|Win32
		{37B8E91F-EC52-41F0-B21D-441D4270C05F}.Debug|x64.ActiveCfg = Debug|x64
		{37B8E91F-EC52-41F0-B21D-441D4270C05F}.Debug|x64.Build.0 = Debug|x64
		{37B8E91F-EC52-41F0-B21D-441D4270C05F}.Debug|x86.ActiveCfg = Debug|Win32
		{37B8E91F-EC52-41F0-B21D-441D4270C05F}.Debug|x86.Build.0 = Debug|Win32
		{37B8E91F-EC52-41F0-B21D-441D4270C05F}.Release|x64.ActiveCfg = Release|x64
		{37B8E91F-EC52-41F0-B21D-441D4270C05F}.Release|x64.Build.0 = Release|x64
		{37B8E91F-EC52-41F0-B21D-441D4270C05F}.Release|x86.ActiveCfg = Release|Win32
		{37B8E91F-EC52-41F0-B21D-441D4270C05F}.Release|x86.Build.0 = Release|Win32
		{BBC4B2B4-1143-45DF-8890-47CE26A61D0E}.Debug|x64.ActiveCfg = Debug|x64
		{BBC4B2B4-1143-45DF-8890-47CE26A61D0E}.Debug|x64.Build.0 = Debug|x64
		{BBC4B2B4-1143-45DF-8890-47CE26A61D0E}.Debug|x86.ActiveCfg = Debug|Win32
		{BBC4B2B4-1143-45DF-8890-47CE26A61D0E}.Debug|x86.Build.0 = Debug|Win32
		{BBC4B2B4-1143-45DF-8890-47CE26A61D0E}.Release|x64.ActiveCfg = Release|x64
		{BBC4B2B4-1143-45DF-8890-47CE26A61D0E}.Release|x64.Build.0 = Release|x64
		{BBC4B2B4-1143-45DF-8890-47CE26A61D0E}.Release|x86.ActiveCfg = Release|Win32
		{BBC4B2B4-1143-45DF-8890-47CE26A61D0E}.Release|x86.Build.0 = Release|Win32
		{6F111577-DAF8-4294-B516-0077C22D7613}.Debug|x64.ActiveCfg = Debug|x64
		{6F111577-DAF8-4294-B516-0077C22D7613}.Debug|x64.Build.0 = Debug|x64
		{6F111577-DAF8-4294-B516-0077C22D7613}.Debug|x86.ActiveCfg = Debug|Win32
		{6F111577-DAF8-4294-B516-0077C22D7613}.Debug|x86.Build.0 = Debug|Win32
		{6F111577-DAF8-4294-B516-0077C22D7613}.Release|x64.ActiveCfg = Release|x64
		{6F111577-DAF8-4294-B516-0077C22D7613}.Release|x64.Build.0 = Release|x64
		{6F111577-DAF8-4294-B516-0077C22D7613}.Release|x86.ActiveCfg = Release|Win32
		{6F111577-DAF8-4294-B516-0077C22D7613}.Release|x86.Build.0 = Release|Win32
		{8FBC495D-C05E-49A4-B938-A81C9DFC1E5A}.Debug|x64.ActiveCfg = Debug|x64
		{8FBC495D-C05E-49A4-B938-A81C9DFC1E5A}.Debug|x64.Build.0 = Debug|x64
		{8FBC495D-C05E-49A4-B938-A81C9DFC1E5A}.Debug|x86.ActiveCfg = Debug|Win32
		{8FBC495D-C05E-49A4-B938-A81C9DFC1E5A}.Debug|x86.Build.0 = Debug|Win32
		{8FBC495D-C05E-49A4-B938-A81C9DFC1E5A}.Release|x64.ActiveCfg = Release|x64
		{8FBC495D-C05E-49A4-B938-A81C9DFC1E5A}.Release|x64.Build.0 = Release|x64
		{8FBC495D-C05E-49A4-B938-A81C9DFC1E5A}.Release|x86.ActiveCfg = Release|Win32
		{8FBC495D-C05E-49A4-B938-A81C9DFC1E5A}.Release|x86.Build.0 = Release|Win32
		{D549160C-CC16-47F8-8345-1F4CF7A25CA2}.Debug|x64.ActiveCfg = Debug|x64
		{D549160C-CC16-47F8-8345-1F4CF7A25CA2}.Debug|x64.Build.0 = Debug|x64
		{D549160C-CC16-47F8-8345-1F4CF7A25CA2}.Debug|x86.ActiveCfg = Debug|Win32
		{D549160C-CC16-47F8-8345-1F4CF7A25CA2}.Debug|x86.Build.0 = Debug|Win32
		{D549160C-CC16-47F8-8345-1F4CF7A25CA2}.Release|x64.ActiveCfg = Release|x64
		{D549160C-CC16-47F8-8345-1F4CF7A25CA2}.Release|x64.Build.0 = Release|x64
		{D549160C-CC16-47F8-8345-1F4CF7A25CA2}.Release|x86.ActiveCfg = Release|Win32
		{D549160C-CC16-47F8-8345-1F4CF7A25CA2}.Release|x86.Build.0 = Release|Win32
		{92F971AB-CAC9-4D9B-A9CA-AFD9CA17E505}.Debug|x64.ActiveCfg = Debug|x64
		{92F971AB-CAC9-4D9B-A9CA-AFD9CA17E505}.Debug|x64.Build.0 = Debug|x64
		{92F971AB-CAC9-4D9B-A9CA-AFD9CA17E505}.Debug|x86.ActiveCfg = Debug|Win32
		{92F971AB-CAC9-4D9B-A9CA-AFD9CA17E505}.Debug|x86.Build.0 = Debug|Win32
		{92F971AB-CAC9-4D9B-A9CA-AFD9CA17E505}.Release|x64.ActiveCfg = Release|x64
		{92F971AB-CAC9-4D9B-A9CA-AFD9CA17E505}.Release|x64.Build.0 = Release|x64
		{92F971AB-CAC9-4D9B-A9CA-AFD9CA17E505}.Release|x86.ActiveCfg = Release|Win32
		{92F971AB-CAC9-4D9B-A9CA-AFD9CA17E505}.Release|x86.Build.0 = Release|Win32
		{81DD7437-D986-4C9E-848C-589856FACEBD}.Debug|x64.ActiveCfg = Debug|x64
		{81DD7437-D986-4C9E-848C-589856FACEBD}.Debug|x64.Build.0 = Debug|x64
		{81DD7437-D986-4C9E-848C-589856FACEBD}.Debug|x86.ActiveCfg = Debug|Win32
		{81DD7437-D986-4C9E-848C-589856FACEBD}.Debug|x86.Build.0 = Debug|Win32
		{81DD7437-D986-4C9E-848C-589856FACEBD}.Release|x64.ActiveCfg = Release|x64
		{81DD7437-D986-4C9E-848C-589856FACEBD}.Release|x64.Build.0 = Release|x64
		{81DD7437-D986-4C9E-848C-589856FACEBD}.Release|x86.ActiveCfg = Release|Win32
		{81DD7437-D986-4C9E-848C-589856FACEBD}.Release|x86.Build.0 = Release|Win32
		{F6520D2C-BB8E-45BB-964B-F5D6A4318A89}.Debug|x64.ActiveCfg = Debug|x64
		{F6520D2C-BB8E-45BB-964B-F5D6A4318A89}.Debug|x64.Build.0 = Debug|x64
		{F6520D2C-BB8E-45BB-964B-F5D6A4318A89}.Debug|x86.ActiveCfg = Debug|Win32
		{F6520D2C-BB8E-45BB-964B-F5D6A4318A89}.Debug|x86.Build.0 = Debug|Win32
		{F6520D2C-BB8E-45BB-964B-F5D6A4318A89}.Release|x64.ActiveCfg = Release|x64
		{F6520D2C-BB8E-45BB-964B-F5D6A4318A89}.Release|x64.Build.0 = Release|x64
		{F6520D2C-BB8E-45BB-964B-F5D6A4318A89}.Release|x86.ActiveCfg = Release|Win32
		{F6520D2C-BB8E-45BB-964B-F5D6A4318A89}.Release|x86.Build.0 = Release|Win32
	EndGlobalSection
	GlobalSection(SolutionProperties) = preSolution
		HideSolutionNode = FALSE
	EndGlobalSection
	GlobalSection(NestedProjects) = preSolution
		{E756B7D2-D40D-4106-9C14-1D90F20A712E} = {79A9A569-7DA8-4D9D-AD34-D11115199EA1}
		{32BB166A-3D3D-45EF-8BED-2E0471274159} = {D0473C03-9464-4C44-818A-AE212680CD05}
		{201B6D13-82A7-49E9-9736-D6B3BFE05B30} = {D0473C03-9464-4C44-818A-AE212680CD05}
		{37B8E91F-EC52-41F0-B21D-441D4270C05F} = {D0473C03-9464-4C44-818A-AE212680CD05}
		{BBC4B2B4-1143-45DF-8890-47CE26A61D0E} = {D0473C03-9464-4C44-818A-AE212680CD05}
		{6F111577-DAF8-4294-B516-0077C22D7613} = {D0473C03-9464-4C44-818A-AE212680CD05}
		{8FBC495D-C05E-49A4-B938-A81C9DFC1E5A} = {D0473C03-9464-4C44-818A-AE212680CD05}
		{D549160C-CC16-47F8-8345-1F4CF7A25CA2} = {D0473C03-9464-4C44-818A-AE212680CD05}
		{81DD7437-D986-4C9E-848C-589856FACEBD} = {2B89A3C7-0CC8-4881-B195-61BAA9ACB78B}
		{F6520D2C-BB8E-45BB-964B-F5D6A4318A89} = {2B89A3C7-0CC8-4881-B195-61BAA9ACB78B}
	EndGlobalSection
	GlobalSection(ExtensibilityGlobals) = postSolution
		SolutionGuid = {9B202F91-A601-429E-BB0F-880DDEE096FE}
	EndGlobalSection
EndGlobal
