<?xml version="1.0" encoding="utf-8"?>
<Project ToolsVersion="4.0" xmlns="http://schemas.microsoft.com/developer/msbuild/2003">
  <ItemGroup>
    <Filter Include="源文件">
      <UniqueIdentifier>{4FC737F1-C7A5-4376-A066-2A32D752A2FF}</UniqueIdentifier>
      <Extensions>cpp;c;cc;cxx;c++;cppm;ixx;def;odl;idl;hpj;bat;asm;asmx</Extensions>
    </Filter>
    <Filter Include="头文件">
      <UniqueIdentifier>{93995380-89BD-4b04-88EB-625FBE52EBFB}</UniqueIdentifier>
      <Extensions>h;hh;hpp;hxx;h++;hm;inl;inc;ipp;xsd</Extensions>
    </Filter>
    <Filter Include="资源文件">
      <UniqueIdentifier>{67DA6AB6-F800-4c08-8B7A-83BB121AAD01}</UniqueIdentifier>
      <Extensions>rc;ico;cur;bmp;dlg;rc2;rct;bin;rgs;gif;jpg;jpeg;jpe;resx;tiff;tif;png;wav;mfcribbon-ms</Extensions>
    </Filter>
    <Filter Include="头文件\ModuleDatabase_IDCard">
      <UniqueIdentifier>{266f0adf-8526-49bb-9e70-84ba7e12ad0c}</UniqueIdentifier>
    </Filter>
    <Filter Include="源文件\ModuleDatabase_IDCard">
      <UniqueIdentifier>{e9607c40-79f5-4867-862b-fedb12e965c0}</UniqueIdentifier>
    </Filter>
    <Filter Include="头文件\ModuleDatabase_IPInfo">
      <UniqueIdentifier>{03852075-f646-4a9d-92c9-774dfc0128f1}</UniqueIdentifier>
    </Filter>
    <Filter Include="源文件\ModuleDatabase_IPInfo">
      <UniqueIdentifier>{6b278ea0-4508-4d95-bd66-45093876c078}</UniqueIdentifier>
    </Filter>
    <Filter Include="头文件\ModuleDatabase_Phone">
      <UniqueIdentifier>{7cff7f4e-9be6-4728-8d7e-465e87a7b9ea}</UniqueIdentifier>
    </Filter>
    <Filter Include="源文件\ModuleDatabase_Phone">
      <UniqueIdentifier>{213c5e28-4b0f-4314-9d6f-cbc412594ca4}</UniqueIdentifier>
    </Filter>
    <Filter Include="头文件\ModuleDatabase_Bank">
      <UniqueIdentifier>{8bef1d18-25d0-4e83-b5ed-ace7892f30b1}</UniqueIdentifier>
    </Filter>
    <Filter Include="源文件\ModuleDatabase_Bank">
      <UniqueIdentifier>{d795f584-6d94-4d87-85a9-b6787ccd8783}</UniqueIdentifier>
    </Filter>
  </ItemGroup>
  <ItemGroup>
    <ClInclude Include="framework.h">
      <Filter>头文件</Filter>
    </ClInclude>
    <ClInclude Include="pch.h">
      <Filter>头文件</Filter>
    </ClInclude>
    <ClInclude Include="ModuleDB_Define.h">
      <Filter>头文件</Filter>
    </ClInclude>
    <ClInclude Include="ModuleDB_Error.h">
      <Filter>头文件</Filter>
    </ClInclude>
    <ClInclude Include="ModuleDatabase_IDCard\ModuleDatabase_IDCard.h">
      <Filter>头文件\ModuleDatabase_IDCard</Filter>
    </ClInclude>
    <ClInclude Include="ModuleDatabase_IPInfo\ModuleDatabase_IPInfo.h">
      <Filter>头文件\ModuleDatabase_IPInfo</Filter>
    </ClInclude>
    <ClInclude Include="ModuleDatabase_Phone\ModuleDatabase_Phone.h">
      <Filter>头文件\ModuleDatabase_Phone</Filter>
    </ClInclude>
    <ClInclude Include="ModuleDatabase_Bank\ModuleDatabase_Bank.h">
      <Filter>头文件\ModuleDatabase_Bank</Filter>
    </ClInclude>
  </ItemGroup>
  <ItemGroup>
    <ClCompile Include="dllmain.cpp">
      <Filter>源文件</Filter>
    </ClCompile>
    <ClCompile Include="pch.cpp">
      <Filter>源文件</Filter>
    </ClCompile>
    <ClCompile Include="ModuleDatabase_IDCard\ModuleDatabase_IDCard.cpp">
      <Filter>源文件\ModuleDatabase_IDCard</Filter>
    </ClCompile>
    <ClCompile Include="ModuleDatabase_IPInfo\ModuleDatabase_IPInfo.cpp">
      <Filter>源文件\ModuleDatabase_IPInfo</Filter>
    </ClCompile>
    <ClCompile Include="ModuleDatabase_Phone\ModuleDatabase_Phone.cpp">
      <Filter>源文件\ModuleDatabase_Phone</Filter>
    </ClCompile>
    <ClCompile Include="ModuleDatabase_Bank\ModuleDatabase_Bank.cpp">
      <Filter>源文件\ModuleDatabase_Bank</Filter>
    </ClCompile>
  </ItemGroup>
  <ItemGroup>
    <None Include="XEngine_ModuleDatabase.def">
      <Filter>源文件</Filter>
    </None>
  </ItemGroup>
</Project>